// !$*UTF8*$!
{
	archiveVersion = 1;
	classes = {
	};
	objectVersion = 50;
	objects = {

/* Begin PBXBuildFile section */
		18FFB30E20E502F400DAA248 /* AppDelegate.swift in Sources */ = {isa = PBXBuildFile; fileRef = 18FFB30D20E502F400DAA248 /* AppDelegate.swift */; };
		18FFB31020E502F400DAA248 /* ViewController.swift in Sources */ = {isa = PBXBuildFile; fileRef = 18FFB30F20E502F400DAA248 /* ViewController.swift */; };
		18FFB31320E502F400DAA248 /* Main.storyboard in Resources */ = {isa = PBXBuildFile; fileRef = 18FFB31120E502F400DAA248 /* Main.storyboard */; };
		18FFB31620E502F400DAA248 /* CoreDataFirst.xcdatamodeld in Sources */ = {isa = PBXBuildFile; fileRef = 18FFB31420E502F400DAA248 /* CoreDataFirst.xcdatamodeld */; };
		18FFB31820E502F600DAA248 /* Assets.xcassets in Resources */ = {isa = PBXBuildFile; fileRef = 18FFB31720E502F600DAA248 /* Assets.xcassets */; };
		18FFB31B20E502F600DAA248 /* LaunchScreen.storyboard in Resources */ = {isa = PBXBuildFile; fileRef = 18FFB31920E502F600DAA248 /* LaunchScreen.storyboard */; };
/* End PBXBuildFile section */

/* Begin PBXFileReference section */
		18FFB30A20E502F400DAA248 /* CoreDataFirst.app */ = {isa = PBXFileReference; explicitFileType = wrapper.application; includeInIndex = 0; path = CoreDataFirst.app; sourceTree = BUILT_PRODUCTS_DIR; };
		18FFB30D20E502F400DAA248 /* AppDelegate.swift */ = {isa = PBXFileReference; lastKnownFileType = sourcecode.swift; path = AppDelegate.swift; sourceTree = "<group>"; };
		18FFB30F20E502F400DAA248 /* ViewController.swift */ = {isa = PBXFileReference; lastKnownFileType = sourcecode.swift; path = ViewController.swift; sourceTree = "<group>"; };
		18FFB31220E502F400DAA248 /* Base */ = {isa = PBXFileReference; lastKnownFileType = file.storyboard; name = Base; path = Base.lproj/Main.storyboard; sourceTree = "<group>"; };
		18FFB31520E502F400DAA248 /* CoreDataFirst.xcdatamodel */ = {isa = PBXFileReference; lastKnownFileType = wrapper.xcdatamodel; path = CoreDataFirst.xcdatamodel; sourceTree = "<group>"; };
		18FFB31720E502F600DAA248 /* Assets.xcassets */ = {isa = PBXFileReference; lastKnownFileType = folder.assetcatalog; path = Assets.xcassets; sourceTree = "<group>"; };
		18FFB31A20E502F600DAA248 /* Base */ = {isa = PBXFileReference; lastKnownFileType = file.storyboard; name = Base; path = Base.lproj/LaunchScreen.storyboard; sourceTree = "<group>"; };
		18FFB31C20E502F600DAA248 /* Info.plist */ = {isa = PBXFileReference; lastKnownFileType = text.plist.xml; path = Info.plist; sourceTree = "<group>"; };
/* End PBXFileReference section */

/* Begin PBXFrameworksBuildPhase section */
		18FFB30720E502F400DAA248 /* Frameworks */ = {
			isa = PBXFrameworksBuildPhase;
			buildActionMask = 2147483647;
			files = (
			);
			runOnlyForDeploymentPostprocessing = 0;
		};
/* End PBXFrameworksBuildPhase section */

/* Begin PBXGroup section */
		18FFB30120E502F400DAA248 = {
			isa = PBXGroup;
			children = (
				18FFB30C20E502F400DAA248 /* CoreDataFirst */,
				18FFB30B20E502F400DAA248 /* Products */,
			);
			sourceTree = "<group>";
		};
		18FFB30B20E502F400DAA248 /* Products */ = {
			isa = PBXGroup;
			children = (
				18FFB30A20E502F400DAA248 /* CoreDataFirst.app */,
			);
			name = Products;
			sourceTree = "<group>";
		};
		18FFB30C20E502F400DAA248 /* CoreDataFirst */ = {
			isa = PBXGroup;
			children = (
				18FFB30D20E502F400DAA248 /* AppDelegate.swift */,
				18FFB30F20E502F400DAA248 /* ViewController.swift */,
				18FFB31120E502F400DAA248 /* Main.storyboard */,
				18FFB31720E502F600DAA248 /* Assets.xcassets */,
				18FFB31920E502F600DAA248 /* LaunchScreen.storyboard */,
				18FFB31C20E502F600DAA248 /* Info.plist */,
				18FFB31420E502F400DAA248 /* CoreDataFirst.xcdatamodeld */,
			);
			path = CoreDataFirst;
			sourceTree = "<group>";
		};
/* End PBXGroup section */

/* Begin PBXNativeTarget section */
		18FFB30920E502F400DAA248 /* CoreDataFirst */ = {
			isa = PBXNativeTarget;
			buildConfigurationList = 18FFB31F20E502F600DAA248 /* Build configuration list for PBXNativeTarget "CoreDataFirst" */;
			buildPhases = (
				18FFB30620E502F400DAA248 /* Sources */,
				18FFB30720E502F400DAA248 /* Frameworks */,
				18FFB30820E502F400DAA248 /* Resources */,
			);
			buildRules = (
			);
			dependencies = (
			);
			name = CoreDataFirst;
			productName = CoreDataFirst;
			productReference = 18FFB30A20E502F400DAA248 /* CoreDataFirst.app */;
			productType = "com.apple.product-type.application";
		};
/* End PBXNativeTarget section */

/* Begin PBXProject section */
		18FFB30220E502F400DAA248 /* Project object */ = {
			isa = PBXProject;
			attributes = {
				LastSwiftUpdateCheck = 0940;
				LastUpgradeCheck = 0940;
				ORGANIZATIONNAME = senovTech;
				TargetAttributes = {
					18FFB30920E502F400DAA248 = {
						CreatedOnToolsVersion = 9.4.1;
					};
				};
			};
			buildConfigurationList = 18FFB30520E502F400DAA248 /* Build configuration list for PBXProject "CoreDataFirst" */;
			compatibilityVersion = "Xcode 9.3";
			developmentRegion = en;
			hasScannedForEncodings = 0;
			knownRegions = (
				en,
				Base,
			);
			mainGroup = 18FFB30120E502F400DAA248;
			productRefGroup = 18FFB30B20E502F400DAA248 /* Products */;
			projectDirPath = "";
			projectRoot = "";
			targets = (
				18FFB30920E502F400DAA248 /* CoreDataFirst */,
			);
		};
/* End PBXProject section */

/* Begin PBXResourcesBuildPhase section */
		18FFB30820E502F400DAA248 /* Resources */ = {
			isa = PBXResourcesBuildPhase;
			buildActionMask = 2147483647;
			files = (
				18FFB31B20E502F600DAA248 /* LaunchScreen.storyboard in Resources */,
				18FFB31820E502F600DAA248 /* Assets.xcassets in Resources */,
				18FFB31320E502F400DAA248 /* Main.storyboard in Resources */,
			);
			runOnlyForDeploymentPostprocessing = 0;
		};
/* End PBXResourcesBuildPhase section */

/* Begin PBXSourcesBuildPhase section */
		18FFB30620E502F400DAA248 /* Sources */ = {
			isa = PBXSourcesBuildPhase;
			buildActionMask = 2147483647;
			files = (
				18FFB31020E502F400DAA248 /* ViewController.swift in Sources */,
				18FFB30E20E502F400DAA248 /* AppDelegate.swift in Sources */,
				18FFB31620E502F400DAA248 /* CoreDataFirst.xcdatamodeld in Sources */,
			);
			runOnlyForDeploymentPostprocessing = 0;
		};
/* End PBXSourcesBuildPhase section */

/* Begin PBXVariantGroup section */
		18FFB31120E502F400DAA248 /* Main.storyboard */ = {
			isa = PBXVariantGroup;
			children = (
				18FFB31220E502F400DAA248 /* Base */,
			);
			name = Main.storyboard;
			sourceTree = "<group>";
		};
		18FFB31920E502F600DAA248 /* LaunchScreen.storyboard */ = {
			isa = PBXVariantGroup;
			children = (
				18FFB31A20E502F600DAA248 /* Base */,
			);
			name = LaunchScreen.storyboard;
			sourceTree = "<group>";
		};
/* End PBXVariantGroup section */

/* Begin XCBuildConfiguration section */
		18FFB31D20E502F600DAA248 /* Debug */ = {
			isa = XCBuildConfiguration;
			buildSettings = {
				ALWAYS_SEARCH_USER_PATHS = NO;
				CLANG_ANALYZER_NONNULL = YES;
				CLANG_ANALYZER_NUMBER_OBJECT_CONVERSION = YES_AGGRESSIVE;
				CLANG_CXX_LANGUAGE_STANDARD = "gnu++14";
				CLANG_CXX_LIBRARY = "libc++";
				CLANG_ENABLE_MODULES = YES;
				CLANG_ENABLE_OBJC_ARC = YES;
				CLANG_ENABLE_OBJC_WEAK = YES;
				CLANG_WARN_BLOCK_CAPTURE_AUTORELEASING = YES;
				CLANG_WARN_BOOL_CONVERSION = YES;
				CLANG_WARN_COMMA = YES;
				CLANG_WARN_CONSTANT_CONVERSION = YES;
				CLANG_WARN_DEPRECATED_OBJC_IMPLEMENTATIONS = YES;
				CLANG_WARN_DIRECT_OBJC_ISA_USAGE = YES_ERROR;
				CLANG_WARN_DOCUMENTATION_COMMENTS = YES;
				CLANG_WARN_EMPTY_BODY = YES;
				CLANG_WARN_ENUM_CONVERSION = YES;
				CLANG_WARN_INFINITE_RECURSION = YES;
				CLANG_WARN_INT_CONVERSION = YES;
				CLANG_WARN_NON_LITERAL_NULL_CONVERSION = YES;
				CLANG_WARN_OBJC_IMPLICIT_RETAIN_SELF = YES;
				CLANG_WARN_OBJC_LITERAL_CONVERSION = YES;
				CLANG_WARN_OBJC_ROOT_CLASS = YES_ERROR;
				CLANG_WARN_RANGE_LOOP_ANALYSIS = YES;
				CLANG_WARN_STRICT_PROTOTYPES = YES;
				CLANG_WARN_SUSPICIOUS_MOVE = YES;
				CLANG_WARN_UNGUARDED_AVAILABILITY = YES_AGGRESSIVE;
				CLANG_WARN_UNREACHABLE_CODE = YES;
				CLANG_WARN__DUPLICATE_METHOD_MATCH = YES;
				CODE_SIGN_IDENTITY = "iPhone Developer";
				COPY_PHASE_STRIP = NO;
				DEBUG_INFORMATION_FORMAT = dwarf;
				ENABLE_STRICT_OBJC_MSGSEND = YES;
				ENABLE_TESTABILITY = YES;
				GCC_C_LANGUAGE_STANDARD = gnu11;
				GCC_DYNAMIC_NO_PIC = NO;
				GCC_NO_COMMON_BLOCKS = YES;
				GCC_OPTIMIZATION_LEVEL = 0;
				GCC_PREPROCESSOR_DEFINITIONS = (
					"DEBUG=1",
					"$(inherited)",
				);
				GCC_WARN_64_TO_32_BIT_CONVERSION = YES;
				GCC_WARN_ABOUT_RETURN_TYPE = YES_ERROR;
				GCC_WARN_UNDECLARED_SELECTOR = YES;
				GCC_WARN_UNINITIALIZED_AUTOS = YES_AGGRESSIVE;
				GCC_WARN_UNUSED_FUNCTION = YES;
				GCC_WARN_UNUSED_VARIABLE = YES;
				IPHONEOS_DEPLOYMENT_TARGET = 11.4;
				MTL_ENABLE_DEBUG_INFO = YES;
				ONLY_ACTIVE_ARCH = YES;
				SDKROOT = iphoneos;
				SWIFT_ACTIVE_COMPILATION_CONDITIONS = DEBUG;
				SWIFT_OPTIMIZATION_LEVEL = "-Onone";
			};
			name = Debug;
		};
		18FFB31E20E502F600DAA248 /* Release */ = {
			isa = XCBuildConfiguration;
			buildSettings = {
				ALWAYS_SEARCH_USER_PATHS = NO;
				CLANG_ANALYZER_NONNULL = YES;
				CLANG_ANALYZER_NUMBER_OBJECT_CONVERSION = YES_AGGRESSIVE;
				CLANG_CXX_LANGUAGE_STANDARD = "gnu++14";
				CLANG_CXX_LIBRARY = "libc++";
				CLANG_ENABLE_MODULES = YES;
				CLANG_ENABLE_OBJC_ARC = YES;
				CLANG_ENABLE_OBJC_WEAK = YES;
				CLANG_WARN_BLOCK_CAPTURE_AUTORELEASING = YES;
				CLANG_WARN_BOOL_CONVERSION = YES;
				CLANG_WARN_COMMA = YES;
				CLANG_WARN_CONSTANT_CONVERSION = YES;
				CLANG_WARN_DEPRECATED_OBJC_IMPLEMENTATIONS = YES;
				CLANG_WARN_DIRECT_OBJC_ISA_USAGE = YES_ERROR;
				CLANG_WARN_DOCUMENTATION_COMMENTS = YES;
				CLANG_WARN_EMPTY_BODY = YES;
				CLANG_WARN_ENUM_CONVERSION = YES;
				CLANG_WARN_INFINITE_RECURSION = YES;
				CLANG_WARN_INT_CONVERSION = YES;
				CLANG_WARN_NON_LITERAL_NULL_CONVERSION = YES;
				CLANG_WARN_OBJC_IMPLICIT_RETAIN_SELF = YES;
				CLANG_WARN_OBJC_LITERAL_CONVERSION = YES;
				CLANG_WARN_OBJC_ROOT_CLASS = YES_ERROR;
				CLANG_WARN_RANGE_LOOP_ANALYSIS = YES;
				CLANG_WARN_STRICT_PROTOTYPES = YES;
				CLANG_WARN_SUSPICIOUS_MOVE = YES;
				CLANG_WARN_UNGUARDED_AVAILABILITY = YES_AGGRESSIVE;
				CLANG_WARN_UNREACHABLE_CODE = YES;
				CLANG_WARN__DUPLICATE_METHOD_MATCH = YES;
				CODE_SIGN_IDENTITY = "iPhone Developer";
				COPY_PHASE_STRIP = NO;
				DEBUG_INFORMATION_FORMAT = "dwarf-with-dsym";
				ENABLE_NS_ASSERTIONS = NO;
				ENABLE_STRICT_OBJC_MSGSEND = YES;
				GCC_C_LANGUAGE_STANDARD = gnu11;
				GCC_NO_COMMON_BLOCKS = YES;
				GCC_WARN_64_TO_32_BIT_CONVERSION = YES;
				GCC_WARN_ABOUT_RETURN_TYPE = YES_ERROR;
				GCC_WARN_UNDECLARED_SELECTOR = YES;
				GCC_WARN_UNINITIALIZED_AUTOS = YES_AGGRESSIVE;
				GCC_WARN_UNUSED_FUNCTION = YES;
				GCC_WARN_UNUSED_VARIABLE = YES;
				IPHONEOS_DEPLOYMENT_TARGET = 11.4;
				MTL_ENABLE_DEBUG_INFO = NO;
				SDKROOT = iphoneos;
				SWIFT_COMPILATION_MODE = wholemodule;
				SWIFT_OPTIMIZATION_LEVEL = "-O";
				VALIDATE_PRODUCT = YES;
			};
			name = Release;
		};
		18FFB32020E502F600DAA248 /* Debug */ = {
			isa = XCBuildConfiguration;
			buildSettings = {
				ASSETCATALOG_COMPILER_APPICON_NAME = AppIcon;
				CODE_SIGN_STYLE = Automatic;
				DEVELOPMENT_TEAM = UUREU9E4TX;
				INFOPLIST_FILE = CoreDataFirst/Info.plist;
				LD_RUNPATH_SEARCH_PATHS = (
					"$(inherited)",
					"@executable_path/Frameworks",
				);
				PRODUCT_BUNDLE_IDENTIFIER = com.senovTech.CoreDataFirst;
				PRODUCT_NAME = "$(TARGET_NAME)";
				SWIFT_VERSION = 4.0;
				TARGETED_DEVICE_FAMILY = "1,2";
			};
			name = Debug;
		};
		18FFB32120E502F600DAA248 /* Release */ = {
			isa = XCBuildConfiguration;
			buildSettings = {
				ASSETCATALOG_COMPILER_APPICON_NAME = AppIcon;
				CODE_SIGN_STYLE = Automatic;
				DEVELOPMENT_TEAM = UUREU9E4TX;
				INFOPLIST_FILE = CoreDataFirst/Info.plist;
				LD_RUNPATH_SEARCH_PATHS = (
					"$(inherited)",
					"@executable_path/Frameworks",
				);
				PRODUCT_BUNDLE_IDENTIFIER = com.senovTech.CoreDataFirst;
				PRODUCT_NAME = "$(TARGET_NAME)";
				SWIFT_VERSION = 4.0;
				TARGETED_DEVICE_FAMILY = "1,2";
			};
			name = Release;
		};
/* End XCBuildConfiguration section */

/* Begin XCConfigurationList section */
		18FFB30520E502F400DAA248 /* Build configuration list for PBXProject "CoreDataFirst" */ = {
			isa = XCConfigurationList;
			buildConfigurations = (
				18FFB31D20E502F600DAA248 /* Debug */,
				18FFB31E20E502F600DAA248 /* Release */,
			);
			defaultConfigurationIsVisible = 0;
			defaultConfigurationName = Release;
		};
		18FFB31F20E502F600DAA248 /* Build configuration list for PBXNativeTarget "CoreDataFirst" */ = {
			isa = XCConfigurationList;
			buildConfigurations = (
				18FFB32020E502F600DAA248 /* Debug */,
				18FFB32120E502F600DAA248 /* Release */,
			);
			defaultConfigurationIsVisible = 0;
			defaultConfigurationName = Release;
		};
/* End XCConfigurationList section */

/* Begin XCVersionGroup section */
		18FFB31420E502F400DAA248 /* CoreDataFirst.xcdatamodeld */ = {
			isa = XCVersionGroup;
			children = (
				18FFB31520E502F400DAA248 /* CoreDataFirst.xcdatamodel */,
			);
			currentVersion = 18FFB31520E502F400DAA248 /* CoreDataFirst.xcdatamodel */;
			path = CoreDataFirst.xcdatamodeld;
			sourceTree = "<group>";
			versionGroupType = wrapper.xcdatamodel;
		};
/* End XCVersionGroup section */
	};
	rootObject = 18FFB30220E502F400DAA248 /* Project object */;
}
